// !$*UTF8*$!
{
	archiveVersion = 1;
	classes = {
	};
	objectVersion = 77;
	objects = {

/* Begin PBXContainerItemProxy section */
		3DC5AD662E45D99100F0C41D /* PBXContainerItemProxy */ = {
			isa = PBXContainerItemProxy;
			containerPortal = 3DC5AD472E45D99000F0C41D /* Project object */;
			proxyType = 1;
			remoteGlobalIDString = 3DC5AD4E2E45D99000F0C41D;
			remoteInfo = BaseStructoriOSUIKit;
		};
		3DC5AD702E45D99100F0C41D /* PBXContainerItemProxy */ = {
			isa = PBXContainerItemProxy;
			containerPortal = 3DC5AD472E45D99000F0C41D /* Project object */;
			proxyType = 1;
			remoteGlobalIDString = 3DC5AD4E2E45D99000F0C41D;
			remoteInfo = BaseStructoriOSUIKit;
		};
/* End PBXContainerItemProxy section */

/* Begin PBXFileReference section */
		3DC5AD4F2E45D99000F0C41D /* BaseStructoriOSUIKit.app */ = {isa = PBXFileReference; explicitFileType = wrapper.application; includeInIndex = 0; path = BaseStructoriOSUIKit.app; sourceTree = BUILT_PRODUCTS_DIR; };
		3DC5AD652E45D99100F0C41D /* BaseStructoriOSUIKitTests.xctest */ = {isa = PBXFileReference; explicitFileType = wrapper.cfbundle; includeInIndex = 0; path = BaseStructoriOSUIKitTests.xctest; sourceTree = BUILT_PRODUCTS_DIR; };
		3DC5AD6F2E45D99100F0C41D /* BaseStructoriOSUIKitUITests.xctest */ = {isa = PBXFileReference; explicitFileType = wrapper.cfbundle; includeInIndex = 0; path = BaseStructoriOSUIKitUITests.xctest; sourceTree = BUILT_PRODUCTS_DIR; };
/* End PBXFileReference section */

/* Begin PBXFileSystemSynchronizedBuildFileExceptionSet section */
		3DC5AD772E45D99100F0C41D /* Exceptions for "BaseStructoriOSUIKit" folder in "BaseStructoriOSUIKit" target */ = {
			isa = PBXFileSystemSynchronizedBuildFileExceptionSet;
			membershipExceptions = (
				Info.plist,
			);
			target = 3DC5AD4E2E45D99000F0C41D /* BaseStructoriOSUIKit */;
		};
/* End PBXFileSystemSynchronizedBuildFileExceptionSet section */

/* Begin PBXFileSystemSynchronizedRootGroup section */
		3DC5AD512E45D99000F0C41D /* BaseStructoriOSUIKit */ = {
			isa = PBXFileSystemSynchronizedRootGroup;
			exceptions = (
				3DC5AD772E45D99100F0C41D /* Exceptions for "BaseStructoriOSUIKit" folder in "BaseStructoriOSUIKit" target */,
			);
			path = BaseStructoriOSUIKit;
			sourceTree = "<group>";
		};
		3DC5AD682E45D99100F0C41D /* BaseStructoriOSUIKitTests */ = {
			isa = PBXFileSystemSynchronizedRootGroup;
			path = BaseStructoriOSUIKitTests;
			sourceTree = "<group>";
		};
		3DC5AD722E45D99100F0C41D /* BaseStructoriOSUIKitUITests */ = {
			isa = PBXFileSystemSynchronizedRootGroup;
			path = BaseStructoriOSUIKitUITests;
			sourceTree = "<group>";
		};
/* End PBXFileSystemSynchronizedRootGroup section */

/* Begin PBXFrameworksBuildPhase section */
		3DC5AD4C2E45D99000F0C41D /* Frameworks */ = {
			isa = PBXFrameworksBuildPhase;
			buildActionMask = 2147483647;
			files = (
			);
			runOnlyForDeploymentPostprocessing = 0;
		};
		3DC5AD622E45D99100F0C41D /* Frameworks */ = {
			isa = PBXFrameworksBuildPhase;
			buildActionMask = 2147483647;
			files = (
			);
			runOnlyForDeploymentPostprocessing = 0;
		};
		3DC5AD6C2E45D99100F0C41D /* Frameworks */ = {
			isa = PBXFrameworksBuildPhase;
			buildActionMask = 2147483647;
			files = (
			);
			runOnlyForDeploymentPostprocessing = 0;
		};
/* End PBXFrameworksBuildPhase section */

/* Begin PBXGroup section */
		3DC5AD462E45D99000F0C41D = {
			isa = PBXGroup;
			children = (
				3DC5AD512E45D99000F0C41D /* BaseStructoriOSUIKit */,
				3DC5AD682E45D99100F0C41D /* BaseStructoriOSUIKitTests */,
				3DC5AD722E45D99100F0C41D /* BaseStructoriOSUIKitUITests */,
				3DC5AD502E45D99000F0C41D /* Products */,
			);
			sourceTree = "<group>";
		};
		3DC5AD502E45D99000F0C41D /* Products */ = {
			isa = PBXGroup;
			children = (
				3DC5AD4F2E45D99000F0C41D /* BaseStructoriOSUIKit.app */,
				3DC5AD652E45D99100F0C41D /* BaseStructoriOSUIKitTests.xctest */,
				3DC5AD6F2E45D99100F0C41D /* BaseStructoriOSUIKitUITests.xctest */,
			);
			name = Products;
			sourceTree = "<group>";
		};
/* End PBXGroup section */

/* Begin PBXNativeTarget section */
		3DC5AD4E2E45D99000F0C41D /* BaseStructoriOSUIKit */ = {
			isa = PBXNativeTarget;
			buildConfigurationList = 3DC5AD782E45D99100F0C41D /* Build configuration list for PBXNativeTarget "BaseStructoriOSUIKit" */;
			buildPhases = (
				3DC5AD4B2E45D99000F0C41D /* Sources */,
				3DC5AD4C2E45D99000F0C41D /* Frameworks */,
				3DC5AD4D2E45D99000F0C41D /* Resources */,
			);
			buildRules = (
			);
			dependencies = (
			);
			fileSystemSynchronizedGroups = (
				3DC5AD512E45D99000F0C41D /* BaseStructoriOSUIKit */,
			);
			name = BaseStructoriOSUIKit;
			packageProductDependencies = (
			);
			productName = BaseStructoriOSUIKit;
			productReference = 3DC5AD4F2E45D99000F0C41D /* BaseStructoriOSUIKit.app */;
			productType = "com.apple.product-type.application";
		};
		3DC5AD642E45D99100F0C41D /* BaseStructoriOSUIKitTests */ = {
			isa = PBXNativeTarget;
			buildConfigurationList = 3DC5AD7D2E45D99100F0C41D /* Build configuration list for PBXNativeTarget "BaseStructoriOSUIKitTests" */;
			buildPhases = (
				3DC5AD612E45D99100F0C41D /* Sources */,
				3DC5AD622E45D99100F0C41D /* Frameworks */,
				3DC5AD632E45D99100F0C41D /* Resources */,
			);
			buildRules = (
			);
			dependencies = (
				3DC5AD672E45D99100F0C41D /* PBXTargetDependency */,
			);
			fileSystemSynchronizedGroups = (
				3DC5AD682E45D99100F0C41D /* BaseStructoriOSUIKitTests */,
			);
			name = BaseStructoriOSUIKitTests;
			packageProductDependencies = (
			);
			productName = BaseStructoriOSUIKitTests;
			productReference = 3DC5AD652E45D99100F0C41D /* BaseStructoriOSUIKitTests.xctest */;
			productType = "com.apple.product-type.bundle.unit-test";
		};
		3DC5AD6E2E45D99100F0C41D /* BaseStructoriOSUIKitUITests */ = {
			isa = PBXNativeTarget;
			buildConfigurationList = 3DC5AD802E45D99100F0C41D /* Build configuration list for PBXNativeTarget "BaseStructoriOSUIKitUITests" */;
			buildPhases = (
				3DC5AD6B2E45D99100F0C41D /* Sources */,
				3DC5AD6C2E45D99100F0C41D /* Frameworks */,
				3DC5AD6D2E45D99100F0C41D /* Resources */,
			);
			buildRules = (
			);
			dependencies = (
				3DC5AD712E45D99100F0C41D /* PBXTargetDependency */,
			);
			fileSystemSynchronizedGroups = (
				3DC5AD722E45D99100F0C41D /* BaseStructoriOSUIKitUITests */,
			);
			name = BaseStructoriOSUIKitUITests;
			packageProductDependencies = (
			);
			productName = BaseStructoriOSUIKitUITests;
			productReference = 3DC5AD6F2E45D99100F0C41D /* BaseStructoriOSUIKitUITests.xctest */;
			productType = "com.apple.product-type.bundle.ui-testing";
		};
/* End PBXNativeTarget section */

/* Begin PBXProject section */
		3DC5AD472E45D99000F0C41D /* Project object */ = {
			isa = PBXProject;
			attributes = {
				BuildIndependentTargetsInParallel = 1;
				LastSwiftUpdateCheck = 1640;
				LastUpgradeCheck = 2600;
				TargetAttributes = {
					3DC5AD4E2E45D99000F0C41D = {
						CreatedOnToolsVersion = 16.4;
					};
					3DC5AD642E45D99100F0C41D = {
						CreatedOnToolsVersion = 16.4;
						TestTargetID = 3DC5AD4E2E45D99000F0C41D;
					};
					3DC5AD6E2E45D99100F0C41D = {
						CreatedOnToolsVersion = 16.4;
						TestTargetID = 3DC5AD4E2E45D99000F0C41D;
					};
				};
			};
			buildConfigurationList = 3DC5AD4A2E45D99000F0C41D /* Build configuration list for PBXProject "BaseStructoriOSUIKit" */;
			developmentRegion = en;
			hasScannedForEncodings = 0;
			knownRegions = (
				en,
				Base,
				th,
			);
			mainGroup = 3DC5AD462E45D99000F0C41D;
			minimizedProjectReferenceProxies = 1;
			preferredProjectObjectVersion = 77;
			productRefGroup = 3DC5AD502E45D99000F0C41D /* Products */;
			projectDirPath = "";
			projectRoot = "";
			targets = (
				3DC5AD4E2E45D99000F0C41D /* BaseStructoriOSUIKit */,
				3DC5AD642E45D99100F0C41D /* BaseStructoriOSUIKitTests */,
				3DC5AD6E2E45D99100F0C41D /* BaseStructoriOSUIKitUITests */,
			);
		};
/* End PBXProject section */

/* Begin PBXResourcesBuildPhase section */
		3DC5AD4D2E45D99000F0C41D /* Resources */ = {
			isa = PBXResourcesBuildPhase;
			buildActionMask = 2147483647;
			files = (
			);
			runOnlyForDeploymentPostprocessing = 0;
		};
		3DC5AD632E45D99100F0C41D /* Resources */ = {
			isa = PBXResourcesBuildPhase;
			buildActionMask = 2147483647;
			files = (
			);
			runOnlyForDeploymentPostprocessing = 0;
		};
		3DC5AD6D2E45D99100F0C41D /* Resources */ = {
			isa = PBXResourcesBuildPhase;
			buildActionMask = 2147483647;
			files = (
			);
			runOnlyForDeploymentPostprocessing = 0;
		};
/* End PBXResourcesBuildPhase section */

/* Begin PBXSourcesBuildPhase section */
		3DC5AD4B2E45D99000F0C41D /* Sources */ = {
			isa = PBXSourcesBuildPhase;
			buildActionMask = 2147483647;
			files = (
			);
			runOnlyForDeploymentPostprocessing = 0;
		};
		3DC5AD612E45D99100F0C41D /* Sources */ = {
			isa = PBXSourcesBuildPhase;
			buildActionMask = 2147483647;
			files = (
			);
			runOnlyForDeploymentPostprocessing = 0;
		};
		3DC5AD6B2E45D99100F0C41D /* Sources */ = {
			isa = PBXSourcesBuildPhase;
			buildActionMask = 2147483647;
			files = (
			);
			runOnlyForDeploymentPostprocessing = 0;
		};
/* End PBXSourcesBuildPhase section */

/* Begin PBXTargetDependency section */
		3DC5AD672E45D99100F0C41D /* PBXTargetDependency */ = {
			isa = PBXTargetDependency;
			target = 3DC5AD4E2E45D99000F0C41D /* BaseStructoriOSUIKit */;
			targetProxy = 3DC5AD662E45D99100F0C41D /* PBXContainerItemProxy */;
		};
		3DC5AD712E45D99100F0C41D /* PBXTargetDependency */ = {
			isa = PBXTargetDependency;
			target = 3DC5AD4E2E45D99000F0C41D /* BaseStructoriOSUIKit */;
			targetProxy = 3DC5AD702E45D99100F0C41D /* PBXContainerItemProxy */;
		};
/* End PBXTargetDependency section */

/* Begin XCBuildConfiguration section */
		3DC5AD792E45D99100F0C41D /* Debug */ = {
			isa = XCBuildConfiguration;
			buildSettings = {
				ASSETCATALOG_COMPILER_APPICON_NAME = AppIcon;
				ASSETCATALOG_COMPILER_GLOBAL_ACCENT_COLOR_NAME = AccentColor;
				CODE_SIGN_STYLE = Automatic;
				CURRENT_PROJECT_VERSION = 1;
				DEVELOPMENT_TEAM = 3CYHLKB59L;
				GENERATE_INFOPLIST_FILE = YES;
				INFOPLIST_FILE = BaseStructoriOSUIKit/Info.plist;
				INFOPLIST_KEY_UIApplicationSupportsIndirectInputEvents = YES;
				INFOPLIST_KEY_UILaunchStoryboardName = LaunchScreen;
				INFOPLIST_KEY_UIMainStoryboardFile = "";
				INFOPLIST_KEY_UISupportedInterfaceOrientations_iPad = "UIInterfaceOrientationPortrait UIInterfaceOrientationPortraitUpsideDown UIInterfaceOrientationLandscapeLeft UIInterfaceOrientationLandscapeRight";
				INFOPLIST_KEY_UISupportedInterfaceOrientations_iPhone = "UIInterfaceOrientationPortrait UIInterfaceOrientationLandscapeLeft UIInterfaceOrientationLandscapeRight";
				LD_RUNPATH_SEARCH_PATHS = (
					"$(inherited)",
					"@executable_path/Frameworks",
				);
				MARKETING_VERSION = 1.0;
				PRODUCT_BUNDLE_IDENTIFIER = com.ter.BaseStructoriOSUIKit;
				PRODUCT_NAME = "$(TARGET_NAME)";
				SWIFT_EMIT_LOC_STRINGS = YES;
				SWIFT_VERSION = 5.0;
				TARGETED_DEVICE_FAMILY = "1,2";
			};
			name = Debug;
		};
		3DC5AD7A2E45D99100F0C41D /* Release */ = {
			isa = XCBuildConfiguration;
			buildSettings = {
				ASSETCATALOG_COMPILER_APPICON_NAME = AppIcon;
				ASSETCATALOG_COMPILER_GLOBAL_ACCENT_COLOR_NAME = AccentColor;
				CODE_SIGN_STYLE = Automatic;
				CURRENT_PROJECT_VERSION = 1;
				DEVELOPMENT_TEAM = 3CYHLKB59L;
				GENERATE_INFOPLIST_FILE = YES;
				INFOPLIST_FILE = BaseStructoriOSUIKit/Info.plist;
				INFOPLIST_KEY_UIApplicationSupportsIndirectInputEvents = YES;
				INFOPLIST_KEY_UILaunchStoryboardName = LaunchScreen;
				INFOPLIST_KEY_UIMainStoryboardFile = "";
				INFOPLIST_KEY_UISupportedInterfaceOrientations_iPad = "UIInterfaceOrientationPortrait UIInterfaceOrientationPortraitUpsideDown UIInterfaceOrientationLandscapeLeft UIInterfaceOrientationLandscapeRight";
				INFOPLIST_KEY_UISupportedInterfaceOrientations_iPhone = "UIInterfaceOrientationPortrait UIInterfaceOrientationLandscapeLeft UIInterfaceOrientationLandscapeRight";
				LD_RUNPATH_SEARCH_PATHS = (
					"$(inherited)",
					"@executable_path/Frameworks",
				);
				MARKETING_VERSION = 1.0;
				PRODUCT_BUNDLE_IDENTIFIER = com.ter.BaseStructoriOSUIKit;
				PRODUCT_NAME = "$(TARGET_NAME)";
				SWIFT_EMIT_LOC_STRINGS = YES;
				SWIFT_VERSION = 5.0;
				TARGETED_DEVICE_FAMILY = "1,2";
			};
			name = Release;
		};
		3DC5AD7B2E45D99100F0C41D /* Debug */ = {
			isa = XCBuildConfiguration;
			buildSettings = {
				ALWAYS_SEARCH_USER_PATHS = NO;
				ASSETCATALOG_COMPILER_GENERATE_SWIFT_ASSET_SYMBOL_EXTENSIONS = YES;
				CLANG_ANALYZER_LOCALIZABILITY_NONLOCALIZED = YES;
				CLANG_ANALYZER_NONNULL = YES;
				CLANG_ANALYZER_NUMBER_OBJECT_CONVERSION = YES_AGGRESSIVE;
				CLANG_CXX_LANGUAGE_STANDARD = "gnu++20";
				CLANG_ENABLE_MODULES = YES;
				CLANG_ENABLE_OBJC_ARC = YES;
				CLANG_ENABLE_OBJC_WEAK = YES;
				CLANG_WARN_BLOCK_CAPTURE_AUTORELEASING = YES;
				CLANG_WARN_BOOL_CONVERSION = YES;
				CLANG_WARN_COMMA = YES;
				CLANG_WARN_CONSTANT_CONVERSION = YES;
				CLANG_WARN_DEPRECATED_OBJC_IMPLEMENTATIONS = YES;
				CLANG_WARN_DIRECT_OBJC_ISA_USAGE = YES_ERROR;
				CLANG_WARN_DOCUMENTATION_COMMENTS = YES;
				CLANG_WARN_EMPTY_BODY = YES;
				CLANG_WARN_ENUM_CONVERSION = YES;
				CLANG_WARN_INFINITE_RECURSION = YES;
				CLANG_WARN_INT_CONVERSION = YES;
				CLANG_WARN_NON_LITERAL_NULL_CONVERSION = YES;
				CLANG_WARN_OBJC_IMPLICIT_RETAIN_SELF = YES;
				CLANG_WARN_OBJC_LITERAL_CONVERSION = YES;
				CLANG_WARN_OBJC_ROOT_CLASS = YES_ERROR;
				CLANG_WARN_QUOTED_INCLUDE_IN_FRAMEWORK_HEADER = YES;
				CLANG_WARN_RANGE_LOOP_ANALYSIS = YES;
				CLANG_WARN_STRICT_PROTOTYPES = YES;
				CLANG_WARN_SUSPICIOUS_MOVE = YES;
				CLANG_WARN_UNGUARDED_AVAILABILITY = YES_AGGRESSIVE;
				CLANG_WARN_UNREACHABLE_CODE = YES;
				CLANG_WARN__DUPLICATE_METHOD_MATCH = YES;
				COPY_PHASE_STRIP = NO;
				DEBUG_INFORMATION_FORMAT = dwarf;
				DEVELOPMENT_TEAM = 3CYHLKB59L;
				ENABLE_STRICT_OBJC_MSGSEND = YES;
				ENABLE_TESTABILITY = YES;
				ENABLE_USER_SCRIPT_SANDBOXING = YES;
				GCC_C_LANGUAGE_STANDARD = gnu17;
				GCC_DYNAMIC_NO_PIC = NO;
				GCC_NO_COMMON_BLOCKS = YES;
				GCC_OPTIMIZATION_LEVEL = 0;
				GCC_PREPROCESSOR_DEFINITIONS = (
					"DEBUG=1",
					"$(inherited)",
				);
				GCC_WARN_64_TO_32_BIT_CONVERSION = YES;
				GCC_WARN_ABOUT_RETURN_TYPE = YES_ERROR;
				GCC_WARN_UNDECLARED_SELECTOR = YES;
				GCC_WARN_UNINITIALIZED_AUTOS = YES_AGGRESSIVE;
				GCC_WARN_UNUSED_FUNCTION = YES;
				GCC_WARN_UNUSED_VARIABLE = YES;
				IPHONEOS_DEPLOYMENT_TARGET = 18.5;
				LOCALIZATION_PREFERS_STRING_CATALOGS = YES;
				MTL_ENABLE_DEBUG_INFO = INCLUDE_SOURCE;
				MTL_FAST_MATH = YES;
				ONLY_ACTIVE_ARCH = YES;
				SDKROOT = iphoneos;
				STRING_CATALOG_GENERATE_SYMBOLS = YES;
				SWIFT_ACTIVE_COMPILATION_CONDITIONS = "DEBUG $(inherited)";
				SWIFT_EMIT_LOC_STRINGS = YES;
				SWIFT_OPTIMIZATION_LEVEL = "-Onone";
			};
			name = Debug;
		};
		3DC5AD7C2E45D99100F0C41D /* Release */ = {
			isa = XCBuildConfiguration;
			buildSettings = {
				ALWAYS_SEARCH_USER_PATHS = NO;
				ASSETCATALOG_COMPILER_GENERATE_SWIFT_ASSET_SYMBOL_EXTENSIONS = YES;
				CLANG_ANALYZER_LOCALIZABILITY_NONLOCALIZED = YES;
				CLANG_ANALYZER_NONNULL = YES;
				CLANG_ANALYZER_NUMBER_OBJECT_CONVERSION = YES_AGGRESSIVE;
				CLANG_CXX_LANGUAGE_STANDARD = "gnu++20";
				CLANG_ENABLE_MODULES = YES;
				CLANG_ENABLE_OBJC_ARC = YES;
				CLANG_ENABLE_OBJC_WEAK = YES;
				CLANG_WARN_BLOCK_CAPTURE_AUTORELEASING = YES;
				CLANG_WARN_BOOL_CONVERSION = YES;
				CLANG_WARN_COMMA = YES;
				CLANG_WARN_CONSTANT_CONVERSION = YES;
				CLANG_WARN_DEPRECATED_OBJC_IMPLEMENTATIONS = YES;
				CLANG_WARN_DIRECT_OBJC_ISA_USAGE = YES_ERROR;
				CLANG_WARN_DOCUMENTATION_COMMENTS = YES;
				CLANG_WARN_EMPTY_BODY = YES;
				CLANG_WARN_ENUM_CONVERSION = YES;
				CLANG_WARN_INFINITE_RECURSION = YES;
				CLANG_WARN_INT_CONVERSION = YES;
				CLANG_WARN_NON_LITERAL_NULL_CONVERSION = YES;
				CLANG_WARN_OBJC_IMPLICIT_RETAIN_SELF = YES;
				CLANG_WARN_OBJC_LITERAL_CONVERSION = YES;
				CLANG_WARN_OBJC_ROOT_CLASS = YES_ERROR;
				CLANG_WARN_QUOTED_INCLUDE_IN_FRAMEWORK_HEADER = YES;
				CLANG_WARN_RANGE_LOOP_ANALYSIS = YES;
				CLANG_WARN_STRICT_PROTOTYPES = YES;
				CLANG_WARN_SUSPICIOUS_MOVE = YES;
				CLANG_WARN_UNGUARDED_AVAILABILITY = YES_AGGRESSIVE;
				CLANG_WARN_UNREACHABLE_CODE = YES;
				CLANG_WARN__DUPLICATE_METHOD_MATCH = YES;
				COPY_PHASE_STRIP = NO;
				DEBUG_INFORMATION_FORMAT = "dwarf-with-dsym";
				DEVELOPMENT_TEAM = 3CYHLKB59L;
				ENABLE_NS_ASSERTIONS = NO;
				ENABLE_STRICT_OBJC_MSGSEND = YES;
				ENABLE_USER_SCRIPT_SANDBOXING = YES;
				GCC_C_LANGUAGE_STANDARD = gnu17;
				GCC_NO_COMMON_BLOCKS = YES;
				GCC_WARN_64_TO_32_BIT_CONVERSION = YES;
				GCC_WARN_ABOUT_RETURN_TYPE = YES_ERROR;
				GCC_WARN_UNDECLARED_SELECTOR = YES;
				GCC_WARN_UNINITIALIZED_AUTOS = YES_AGGRESSIVE;
				GCC_WARN_UNUSED_FUNCTION = YES;
				GCC_WARN_UNUSED_VARIABLE = YES;
				IPHONEOS_DEPLOYMENT_TARGET = 18.5;
				LOCALIZATION_PREFERS_STRING_CATALOGS = YES;
				MTL_ENABLE_DEBUG_INFO = NO;
				MTL_FAST_MATH = YES;
				SDKROOT = iphoneos;
				STRING_CATALOG_GENERATE_SYMBOLS = YES;
				SWIFT_COMPILATION_MODE = wholemodule;
				SWIFT_EMIT_LOC_STRINGS = YES;
				VALIDATE_PRODUCT = YES;
			};
			name = Release;
		};
		3DC5AD7E2E45D99100F0C41D /* Debug */ = {
			isa = XCBuildConfiguration;
			buildSettings = {
				BUNDLE_LOADER = "$(TEST_HOST)";
				CODE_SIGN_STYLE = Automatic;
				CURRENT_PROJECT_VERSION = 1;
				DEVELOPMENT_TEAM = 3CYHLKB59L;
				GENERATE_INFOPLIST_FILE = YES;
				IPHONEOS_DEPLOYMENT_TARGET = 18.5;
				MARKETING_VERSION = 1.0;
				PRODUCT_BUNDLE_IDENTIFIER = com.ter.BaseStructoriOSUIKitTests;
				PRODUCT_NAME = "$(TARGET_NAME)";
				SWIFT_EMIT_LOC_STRINGS = NO;
				SWIFT_VERSION = 5.0;
				TARGETED_DEVICE_FAMILY = "1,2";
				TEST_HOST = "$(BUILT_PRODUCTS_DIR)/BaseStructoriOSUIKit.app/$(BUNDLE_EXECUTABLE_FOLDER_PATH)/BaseStructoriOSUIKit";
			};
			name = Debug;
		};
		3DC5AD7F2E45D99100F0C41D /* Release */ = {
			isa = XCBuildConfiguration;
			buildSettings = {
				BUNDLE_LOADER = "$(TEST_HOST)";
				CODE_SIGN_STYLE = Automatic;
				CURRENT_PROJECT_VERSION = 1;
				DEVELOPMENT_TEAM = 3CYHLKB59L;
				GENERATE_INFOPLIST_FILE = YES;
				IPHONEOS_DEPLOYMENT_TARGET = 18.5;
				MARKETING_VERSION = 1.0;
				PRODUCT_BUNDLE_IDENTIFIER = com.ter.BaseStructoriOSUIKitTests;
				PRODUCT_NAME = "$(TARGET_NAME)";
				SWIFT_EMIT_LOC_STRINGS = NO;
				SWIFT_VERSION = 5.0;
				TARGETED_DEVICE_FAMILY = "1,2";
				TEST_HOST = "$(BUILT_PRODUCTS_DIR)/BaseStructoriOSUIKit.app/$(BUNDLE_EXECUTABLE_FOLDER_PATH)/BaseStructoriOSUIKit";
			};
			name = Release;
		};
		3DC5AD812E45D99100F0C41D /* Debug */ = {
			isa = XCBuildConfiguration;
			buildSettings = {
				CODE_SIGN_STYLE = Automatic;
				CURRENT_PROJECT_VERSION = 1;
				DEVELOPMENT_TEAM = 3CYHLKB59L;
				GENERATE_INFOPLIST_FILE = YES;
				MARKETING_VERSION = 1.0;
				PRODUCT_BUNDLE_IDENTIFIER = com.ter.BaseStructoriOSUIKitUITests;
				PRODUCT_NAME = "$(TARGET_NAME)";
				SWIFT_EMIT_LOC_STRINGS = NO;
				SWIFT_VERSION = 5.0;
				TARGETED_DEVICE_FAMILY = "1,2";
				TEST_TARGET_NAME = BaseStructoriOSUIKit;
			};
			name = Debug;
		};
		3DC5AD822E45D99100F0C41D /* Release */ = {
			isa = XCBuildConfiguration;
			buildSettings = {
				CODE_SIGN_STYLE = Automatic;
				CURRENT_PROJECT_VERSION = 1;
				DEVELOPMENT_TEAM = 3CYHLKB59L;
				GENERATE_INFOPLIST_FILE = YES;
				MARKETING_VERSION = 1.0;
				PRODUCT_BUNDLE_IDENTIFIER = com.ter.BaseStructoriOSUIKitUITests;
				PRODUCT_NAME = "$(TARGET_NAME)";
				SWIFT_EMIT_LOC_STRINGS = NO;
				SWIFT_VERSION = 5.0;
				TARGETED_DEVICE_FAMILY = "1,2";
				TEST_TARGET_NAME = BaseStructoriOSUIKit;
			};
			name = Release;
		};
/* End XCBuildConfiguration section */

/* Begin XCConfigurationList section */
		3DC5AD4A2E45D99000F0C41D /* Build configuration list for PBXProject "BaseStructoriOSUIKit" */ = {
			isa = XCConfigurationList;
			buildConfigurations = (
				3DC5AD7B2E45D99100F0C41D /* Debug */,
				3DC5AD7C2E45D99100F0C41D /* Release */,
			);
			defaultConfigurationIsVisible = 0;
			defaultConfigurationName = Release;
		};
		3DC5AD782E45D99100F0C41D /* Build configuration list for PBXNativeTarget "BaseStructoriOSUIKit" */ = {
			isa = XCConfigurationList;
			buildConfigurations = (
				3DC5AD792E45D99100F0C41D /* Debug */,
				3DC5AD7A2E45D99100F0C41D /* Release */,
			);
			defaultConfigurationIsVisible = 0;
			defaultConfigurationName = Release;
		};
		3DC5AD7D2E45D99100F0C41D /* Build configuration list for PBXNativeTarget "BaseStructoriOSUIKitTests" */ = {
			isa = XCConfigurationList;
			buildConfigurations = (
				3DC5AD7E2E45D99100F0C41D /* Debug */,
				3DC5AD7F2E45D99100F0C41D /* Release */,
			);
			defaultConfigurationIsVisible = 0;
			defaultConfigurationName = Release;
		};
		3DC5AD802E45D99100F0C41D /* Build configuration list for PBXNativeTarget "BaseStructoriOSUIKitUITests" */ = {
			isa = XCConfigurationList;
			buildConfigurations = (
				3DC5AD812E45D99100F0C41D /* Debug */,
				3DC5AD822E45D99100F0C41D /* Release */,
			);
			defaultConfigurationIsVisible = 0;
			defaultConfigurationName = Release;
		};
/* End XCConfigurationList section */
	};
	rootObject = 3DC5AD472E45D99000F0C41D /* Project object */;
}
